{
  "version": 4,
  "terraform_version": "1.6.6",
  "serial": 1,
  "lineage": "9fe4aa98-de0b-c3d3-e296-565c461b0834",
  "outputs": {},
  "resources": [
    {
      "mode": "managed",
      "type": "local_file",
      "name": "demo",
      "provider": "provider[\"registry.terraform.io/hashicorp/local\"]",
      "instances": [
        {
          "schema_version": 0,
          "attributes": {
            "content": "first line",
            "content_base64": null,
            "content_base64sha256": "HeJK54rQDDD0AmI2nv7xa7yVl2ipirGOnoNgYi2nMwU=",
            "content_base64sha512": "3HVSAgwegShpwScJz7LKCnHgV7gYeIRMy2AbyNVMgyWqOQNqFH1UN8Gxro+bYejVuXmqruxdGc9j/Vj2ZY394g==",
            "content_md5": "098ba91c08776b95743bf9ce9c09e65e",
            "content_sha1": "5c2881ef2809f8e82f4e4ffbceb7038e7b8a2dfb",
            "content_sha256": "1de24ae78ad00c30f40262369efef16bbc959768a98ab18e9e8360622da73305",
            "content_sha512": "dc7552020c1e812869c12709cfb2ca0a71e057b81878844ccb601bc8d54c8325aa39036a147d5437c1b1ae8f9b61e8d5b979aaaeec5d19cf63fd58f6658dfde2",
            "directory_permission": "0777",
            "file_permission": "0777",
            "filename": "example.txt",
            "id": "5c2881ef2809f8e82f4e4ffbceb7038e7b8a2dfb",
            "sensitive_content": null,
            "source": null
          },
          "sensitive_attributes": []
        }
      ]
    }
  ],
  "check_results": null
}
