{
  "version": 4,
  "terraform_version": "1.6.6",
  "serial": 9,
  "lineage": "ba9a6588-f134-ac42-001c-2f8b95cf9603",
  "outputs": {},
  "resources": [
    {
      "mode": "managed",
      "type": "github_repository",
      "name": "example",
      "provider": "provider[\"registry.terraform.io/integrations/github\"]",
      "instances": [
        {
          "schema_version": 1,
          "attributes": {
            "allow_auto_merge": false,
            "allow_merge_commit": false,
            "allow_rebase_merge": false,
            "allow_squash_merge": false,
            "allow_update_branch": false,
            "archive_on_destroy": null,
            "archived": false,
            "auto_init": null,
            "default_branch": "main",
            "delete_branch_on_merge": false,
            "description": "creating this repo from terraform",
            "etag": "W/\"fbb3e242b0baef799c1d8f976d9210c90d0c874368af5bda519211136fb90757\"",
            "full_name": "bmthedeve/fromTerraform",
            "git_clone_url": "git://github.com/bmthedeve/fromTerraform.git",
            "gitignore_template": null,
            "has_discussions": false,
            "has_downloads": false,
            "has_issues": false,
            "has_projects": false,
            "has_wiki": false,
            "homepage_url": "",
            "html_url": "https://github.com/bmthedeve/fromTerraform",
            "http_clone_url": "https://github.com/bmthedeve/fromTerraform.git",
            "id": "fromTerraform",
            "ignore_vulnerability_alerts_during_read": null,
            "is_template": false,
            "license_template": null,
            "merge_commit_message": "",
            "merge_commit_title": "",
            "name": "fromTerraform",
            "node_id": "R_kgDOLG1Nfw",
            "pages": [],
            "primary_language": "",
            "private": false,
            "repo_id": 745360767,
            "security_and_analysis": [
              {
                "advanced_security": [],
                "secret_scanning": [
                  {
                    "status": "disabled"
                  }
                ],
                "secret_scanning_push_protection": [
                  {
                    "status": "disabled"
                  }
                ]
              }
            ],
            "squash_merge_commit_message": "",
            "squash_merge_commit_title": "",
            "ssh_clone_url": "git@github.com:bmthedeve/fromTerraform.git",
            "svn_url": "https://github.com/bmthedeve/fromTerraform",
            "template": [],
            "topics": [],
            "visibility": "public",
            "vulnerability_alerts": false,
            "web_commit_signoff_required": false
          },
          "sensitive_attributes": [],
          "private": "eyJzY2hlbWFfdmVyc2lvbiI6IjEifQ=="
        }
      ]
    }
  ],
  "check_results": null
}
