{
  "version": 4,
  "terraform_version": "1.6.6",
  "serial": 1,
  "lineage": "945e6ad7-144d-4328-6204-903256730dd7",
  "outputs": {},
  "resources": [
    {
      "mode": "managed",
      "type": "local_file",
      "name": "first",
      "provider": "provider[\"registry.terraform.io/hashicorp/local\"]",
      "instances": [
        {
          "schema_version": 0,
          "attributes": {
            "content": "chennai",
            "content_base64": null,
            "content_base64sha256": "mX/QmxUl7wyRIyy7oLcLg7XsRZm+jpLI4kDpJBksMXk=",
            "content_base64sha512": "W97plFMU5xlG11rqtDLbMdm/DeV/LhpSxdipgBq2cYtG27w2ISC9fE9uzDwCPLkrOrIBIIvysQ2M3wXQYBfhqQ==",
            "content_md5": "53481967fe31ef682a32dd2092504908",
            "content_sha1": "6fc3ba60c6cb0f34bf63dcaae7582144a2af1e25",
            "content_sha256": "997fd09b1525ef0c91232cbba0b70b83b5ec4599be8e92c8e240e924192c3179",
            "content_sha512": "5bdee9945314e71946d75aeab432db31d9bf0de57f2e1a52c5d8a9801ab6718b46dbbc362120bd7c4f6ecc3c023cb92b3ab201208bf2b10d8cdf05d06017e1a9",
            "directory_permission": "0777",
            "file_permission": "0777",
            "filename": "his_name.txt",
            "id": "6fc3ba60c6cb0f34bf63dcaae7582144a2af1e25",
            "sensitive_content": null,
            "source": null
          },
          "sensitive_attributes": []
        }
      ]
    }
  ],
  "check_results": null
}
