{
  "version": 4,
  "terraform_version": "1.6.6",
  "serial": 23,
  "lineage": "9c065e63-ddf7-2081-3d29-483e25c7aeb9",
  "outputs": {},
  "resources": [
    {
      "mode": "managed",
      "type": "aws_iam_user",
      "name": "userFromTerraform",
      "provider": "provider[\"registry.terraform.io/hashicorp/aws\"]",
      "instances": [
        {
          "schema_version": 0,
          "attributes": {
            "arn": "arn:aws:iam::976178640210:user/user_from_terraform",
            "force_destroy": false,
            "id": "user_from_terraform",
            "name": "user_from_terraform",
            "path": "/",
            "permissions_boundary": "",
            "tags": null,
            "tags_all": {},
            "unique_id": "AIDA6GSGH6VJPULTCNK6F"
          },
          "sensitive_attributes": [],
          "private": "bnVsbA=="
        }
      ]
    }
  ],
  "check_results": null
}
